{
  "name": "template-cloudflare",
  "lockfileVersion": 3,
  "requires": true,
  "packages": {
    "": {
      "optionalDependencies": {
        "mf-hosting-cloudflare": "^1.0.8"
      }
    },
    "node_modules/mf-hosting-cloudflare": {
      "version": "1.0.9",
      "resolved": "https://registry.npmjs.org/mf-hosting-cloudflare/-/mf-hosting-cloudflare-1.0.9.tgz",
      "integrity": "sha512-xuJU+j8Q+x8dk6w8lqleKFXO3FQDi/xyABdX80ht8ddpIbnnrdDj+b59BtOHjS6hcgadJuCydmdu8k5C2s8BlA==",
      "optional": true
    }
  }
}
